
Microsoft Visual Studio Solution File, Format Version 12.00
# Visual Studio Version 16
VisualStudioVersion = 16.0.29519.87
MinimumVisualStudioVersion = 10.0.40219.1
Project("{FAE04EC0-301F-11D3-BF4B-00C04F79EFBC}") = "demoDotnetCore", "demoDotnetCore\demoDotnetCore.csproj", "{5078D687-D2E1-4A8D-A8ED-53307DA53461}"
EndProject
Global
	GlobalSection(SolutionConfigurationPlatforms) = preSolution
		Debug|Any CPU = Debug|Any CPU
		Release|Any CPU = Release|Any CPU
	EndGlobalSection
	GlobalSection(ProjectConfigurationPlatforms) = postSolution
		{5078D687-D2E1-4A8D-A8ED-53307DA53461}.Debug|Any CPU.ActiveCfg = Debug|Any CPU
		{5078D687-D2E1-4A8D-A8ED-53307DA53461}.Debug|Any CPU.Build.0 = Debug|Any CPU
		{5078D687-D2E1-4A8D-A8ED-53307DA53461}.Release|Any CPU.ActiveCfg = Release|Any CPU
		{5078D687-D2E1-4A8D-A8ED-53307DA53461}.Release|Any CPU.Build.0 = Release|Any CPU
	EndGlobalSection
	GlobalSection(SolutionProperties) = preSolution
		HideSolutionNode = FALSE
	EndGlobalSection
	GlobalSection(ExtensibilityGlobals) = postSolution
		SolutionGuid = {D60B053C-8D94-4EA6-ADDF-D01491621A82}
	EndGlobalSection
EndGlobal
